
Microsoft Visual Studio Solution File, Format Version 12.00
# Visual Studio Version 17
VisualStudioVersion = 17.3.32819.101
MinimumVisualStudioVersion = 10.0.40219.1
Project("{FAE04EC0-301F-11D3-BF4B-00C04F79EFBC}") = "CountiresMVC", "CountiresMVC\CountiresMVC.csproj", "{ED2BDCFC-4094-4A96-95EF-4C929B67A773}"
EndProject
Global
	GlobalSection(SolutionConfigurationPlatforms) = preSolution
		Debug|Any CPU = Debug|Any CPU
		Release|Any CPU = Release|Any CPU
	EndGlobalSection
	GlobalSection(ProjectConfigurationPlatforms) = postSolution
		{ED2BDCFC-4094-4A96-95EF-4C929B67A773}.Debug|Any CPU.ActiveCfg = Debug|Any CPU
		{ED2BDCFC-4094-4A96-95EF-4C929B67A773}.Debug|Any CPU.Build.0 = Debug|Any CPU
		{ED2BDCFC-4094-4A96-95EF-4C929B67A773}.Release|Any CPU.ActiveCfg = Release|Any CPU
		{ED2BDCFC-4094-4A96-95EF-4C929B67A773}.Release|Any CPU.Build.0 = Release|Any CPU
	EndGlobalSection
	GlobalSection(SolutionProperties) = preSolution
		HideSolutionNode = FALSE
	EndGlobalSection
	GlobalSection(ExtensibilityGlobals) = postSolution
		SolutionGuid = {64EE8D8E-4AC8-4D12-B2D8-08943F19F93B}
	EndGlobalSection
EndGlobal
